// !$*UTF8*$!
{
	archiveVersion = 1;
	classes = {
	};
	objectVersion = 56;
	objects = {

/* Begin PBXGroup section */
		FCA7CAB4293284A200DD549C = {
			isa = PBXGroup;
			children = (
			);
			sourceTree = "<group>";
		};
/* End PBXGroup section */

/* Begin PBXProject section */
		FCA7CAB5293284A200DD549C /* Project object */ = {
			isa = PBXProject;
			attributes = {
				BuildIndependentTargetsInParallel = 1;
				LastUpgradeCheck = 1400;
			};
			buildConfigurationList = FCA7CAB8293284A200DD549C /* Build configuration list for PBXProject "LinksApp" */;
			compatibilityVersion = "Xcode 14.0";
			developmentRegion = en;
			hasScannedForEncodings = 0;
			knownRegions = (
				en,
				Base,
			);
			mainGroup = FCA7CAB4293284A200DD549C;
			projectDirPath = "";
			projectRoot = "";
			targets = (
			);
		};
/* End PBXProject section */

/* Begin XCBuildConfiguration section */
		FCA7CAB9293284A200DD549C /* Debug */ = {
			isa = XCBuildConfiguration;
			buildSettings = {
			};
			name = Debug;
		};
		FCA7CABA293284A200DD549C /* Release */ = {
			isa = XCBuildConfiguration;
			buildSettings = {
			};
			name = Release;
		};
/* End XCBuildConfiguration section */

/* Begin XCConfigurationList section */
		FCA7CAB8293284A200DD549C /* Build configuration list for PBXProject "LinksApp" */ = {
			isa = XCConfigurationList;
			buildConfigurations = (
				FCA7CAB9293284A200DD549C /* Debug */,
				FCA7CABA293284A200DD549C /* Release */,
			);
			defaultConfigurationIsVisible = 0;
			defaultConfigurationName = Release;
		};
/* End XCConfigurationList section */
	};
	rootObject = FCA7CAB5293284A200DD549C /* Project object */;
}
